
Microsoft Visual Studio Solution File, Format Version 12.00
# Visual Studio Version 17
VisualStudioVersion = 17.5.33530.505
MinimumVisualStudioVersion = 10.0.40219.1
Project("{FAE04EC0-301F-11D3-BF4B-00C04F79EFBC}") = "Portable Chrome Updater", "Portable Chrome Updater.csproj", "{2A1B5F60-3435-48FA-8CCD-B878D6A0FCEB}"
EndProject
Global
	GlobalSection(SolutionConfigurationPlatforms) = preSolution
		Debug|Any CPU = Debug|Any CPU
		Release|Any CPU = Release|Any CPU
	EndGlobalSection
	GlobalSection(ProjectConfigurationPlatforms) = postSolution
		{2A1B5F60-3435-48FA-8CCD-B878D6A0FCEB}.Debug|Any CPU.ActiveCfg = Debug|Any CPU
		{2A1B5F60-3435-48FA-8CCD-B878D6A0FCEB}.Debug|Any CPU.Build.0 = Debug|Any CPU
		{2A1B5F60-3435-48FA-8CCD-B878D6A0FCEB}.Release|Any CPU.ActiveCfg = Release|Any CPU
		{2A1B5F60-3435-48FA-8CCD-B878D6A0FCEB}.Release|Any CPU.Build.0 = Release|Any CPU
	EndGlobalSection
	GlobalSection(SolutionProperties) = preSolution
		HideSolutionNode = FALSE
	EndGlobalSection
	GlobalSection(ExtensibilityGlobals) = postSolution
		SolutionGuid = {B86653CC-8653-4D08-B15F-D26514015745}
	EndGlobalSection
EndGlobal
